// !$*UTF8*$!
{
	archiveVersion = 1;
	classes = {
	};
	objectVersion = 46;
	objects = {

/* Begin PBXBuildFile section */
		3009B6485BA1436BAC1BA6F5 /* libPods.a in Frameworks */ = {isa = PBXBuildFile; fileRef = 7E2702BF3BD1401A8049CA77 /* libPods.a */; };
		43357C6C17CC3610007CD24D /* bg.png in Resources */ = {isa = PBXBuildFile; fileRef = 43357C6A17CC3610007CD24D /* bg.png */; };
		43357C6D17CC3610007CD24D /* bgipad.png in Resources */ = {isa = PBXBuildFile; fileRef = 43357C6B17CC3610007CD24D /* bgipad.png */; };
		43357C7517CC3627007CD24D /* bar.png in Resources */ = {isa = PBXBuildFile; fileRef = 43357C6F17CC3627007CD24D /* bar.png */; };
		43357C7617CC3627007CD24D /* downloadcell.png in Resources */ = {isa = PBXBuildFile; fileRef = 43357C7017CC3627007CD24D /* downloadcell.png */; };
		43357C7717CC3627007CD24D /* like.png in Resources */ = {isa = PBXBuildFile; fileRef = 43357C7117CC3627007CD24D /* like.png */; };
		43357C7817CC3627007CD24D /* view.png in Resources */ = {isa = PBXBuildFile; fileRef = 43357C7217CC3627007CD24D /* view.png */; };
		43357C7B17CC388D007CD24D /* bg@2x.png in Resources */ = {isa = PBXBuildFile; fileRef = 43357C7A17CC388D007CD24D /* bg@2x.png */; };
		43357C7D17CC3EEB007CD24D /* bgip5.png in Resources */ = {isa = PBXBuildFile; fileRef = 43357C7C17CC3EEB007CD24D /* bgip5.png */; };
		43357C8217CC6088007CD24D /* CANDARA.TTF in Resources */ = {isa = PBXBuildFile; fileRef = 43357C7F17CC6088007CD24D /* CANDARA.TTF */; };
		43357C8317CC6088007CD24D /* Quicksand.otf in Resources */ = {isa = PBXBuildFile; fileRef = 43357C8017CC6088007CD24D /* Quicksand.otf */; };
		43357C8417CC6088007CD24D /* VBAMASH.TTF in Resources */ = {isa = PBXBuildFile; fileRef = 43357C8117CC6088007CD24D /* VBAMASH.TTF */; };
		435977D817CD97B400117E2E /* page.png in Resources */ = {isa = PBXBuildFile; fileRef = 435977D717CD97B400117E2E /* page.png */; };
		435977DC17CD9A8D00117E2E /* delete_search.png in Resources */ = {isa = PBXBuildFile; fileRef = 435977DA17CD9A8D00117E2E /* delete_search.png */; };
		435977DD17CD9A8D00117E2E /* search.png in Resources */ = {isa = PBXBuildFile; fileRef = 435977DB17CD9A8D00117E2E /* search.png */; };
		435977DF17CDCB3B00117E2E /* downloaded.png in Resources */ = {isa = PBXBuildFile; fileRef = 435977DE17CDCB3B00117E2E /* downloaded.png */; };
		435977E217CDEACE00117E2E /* SSSlideShowInfoView.m in Sources */ = {isa = PBXBuildFile; fileRef = 435977E117CDEACD00117E2E /* SSSlideShowInfoView.m */; };
		435C124817C731FE001FAA8E /* SSSlideListView.m in Sources */ = {isa = PBXBuildFile; fileRef = 435C124717C731FE001FAA8E /* SSSlideListView.m */; };
		43B4724B17CEE7A500CAD335 /* download_slide_pressed.png in Resources */ = {isa = PBXBuildFile; fileRef = 43B4724317CEE7A400CAD335 /* download_slide_pressed.png */; };
		43B4724C17CEE7A500CAD335 /* download_slide.png in Resources */ = {isa = PBXBuildFile; fileRef = 43B4724417CEE7A400CAD335 /* download_slide.png */; };
		43B4724D17CEE7A500CAD335 /* eraser_pressed.png in Resources */ = {isa = PBXBuildFile; fileRef = 43B4724517CEE7A500CAD335 /* eraser_pressed.png */; };
		43B4724E17CEE7A500CAD335 /* eraser.png in Resources */ = {isa = PBXBuildFile; fileRef = 43B4724617CEE7A500CAD335 /* eraser.png */; };
		43B4724F17CEE7A500CAD335 /* pen_pressed.png in Resources */ = {isa = PBXBuildFile; fileRef = 43B4724717CEE7A500CAD335 /* pen_pressed.png */; };
		43B4725017CEE7A500CAD335 /* pen.png in Resources */ = {isa = PBXBuildFile; fileRef = 43B4724817CEE7A500CAD335 /* pen.png */; };
		43B4725117CEE7A500CAD335 /* streaming_pressed.png in Resources */ = {isa = PBXBuildFile; fileRef = 43B4724917CEE7A500CAD335 /* streaming_pressed.png */; };
		43B4725217CEE7A500CAD335 /* streaming.png in Resources */ = {isa = PBXBuildFile; fileRef = 43B4724A17CEE7A500CAD335 /* streaming.png */; };
		43B4725917CF200000CAD335 /* access_pressed.png in Resources */ = {isa = PBXBuildFile; fileRef = 43B4725717CF200000CAD335 /* access_pressed.png */; };
		43B4725A17CF200000CAD335 /* access.png in Resources */ = {isa = PBXBuildFile; fileRef = 43B4725817CF200000CAD335 /* access.png */; };
		43B4725D17CF21D900CAD335 /* add.png in Resources */ = {isa = PBXBuildFile; fileRef = 43B4725B17CF21D900CAD335 /* add.png */; };
		43B4725E17CF21D900CAD335 /* delete.png in Resources */ = {isa = PBXBuildFile; fileRef = 43B4725C17CF21D900CAD335 /* delete.png */; };
		43B4726117CF374C00CAD335 /* description.png in Resources */ = {isa = PBXBuildFile; fileRef = 43B4726017CF374C00CAD335 /* description.png */; };
		43B4726417CF3AB500CAD335 /* SSDescriptionViewController.m in Sources */ = {isa = PBXBuildFile; fileRef = 43B4726317CF3AB500CAD335 /* SSDescriptionViewController.m */; };
		91F22B6617CE576200226368 /* Default-Portrait~ipad.png in Resources */ = {isa = PBXBuildFile; fileRef = 91F22B6517CE576200226368 /* Default-Portrait~ipad.png */; };
		91F22B6A17CE57B800226368 /* Default-Landscape~ipad.png in Resources */ = {isa = PBXBuildFile; fileRef = 91F22B6917CE57B800226368 /* Default-Landscape~ipad.png */; };
		DC01E00E17C9CC440096254A /* FayeClient.m in Sources */ = {isa = PBXBuildFile; fileRef = DC01E00517C9CC440096254A /* FayeClient.m */; };
		DC01E00F17C9CC440096254A /* FayeMessage.m in Sources */ = {isa = PBXBuildFile; fileRef = DC01E00717C9CC440096254A /* FayeMessage.m */; };
		DC01E01017C9CC440096254A /* NSObject+PropertySupport.m in Sources */ = {isa = PBXBuildFile; fileRef = DC01E00917C9CC440096254A /* NSObject+PropertySupport.m */; };
		DC01E01117C9CC440096254A /* NSObject+Serialize.m in Sources */ = {isa = PBXBuildFile; fileRef = DC01E00B17C9CC440096254A /* NSObject+Serialize.m */; };
		DC01E01217C9CC440096254A /* NSString+InflectionSupport.m in Sources */ = {isa = PBXBuildFile; fileRef = DC01E00D17C9CC440096254A /* NSString+InflectionSupport.m */; };
		DC0388D817CDB9DA002100CD /* SSTextFieldView.m in Sources */ = {isa = PBXBuildFile; fileRef = DC0388D717CDB9D9002100CD /* SSTextFieldView.m */; };
		DC05A02517C73541000EE26F /* SSAppData.m in Sources */ = {isa = PBXBuildFile; fileRef = DC05A02417C73541000EE26F /* SSAppData.m */; };
		DC05A02817C73581000EE26F /* SSUser.m in Sources */ = {isa = PBXBuildFile; fileRef = DC05A02717C73581000EE26F /* SSUser.m */; };
		DC081B5517C666F800A893C2 /* SSSlideShowPageViewController.m in Sources */ = {isa = PBXBuildFile; fileRef = DC081B5417C666F800A893C2 /* SSSlideShowPageViewController.m */; };
		DC0C758717C8907000BD9C58 /* SSRootViewController.m in Sources */ = {isa = PBXBuildFile; fileRef = DC0C758617C8907000BD9C58 /* SSRootViewController.m */; };
		DC1104F817C6FF0B00833997 /* download-icon.png in Resources */ = {isa = PBXBuildFile; fileRef = DC1104E817C6FF0B00833997 /* download-icon.png */; };
		DC1104F917C6FF0B00833997 /* download-icon@2x.png in Resources */ = {isa = PBXBuildFile; fileRef = DC1104E917C6FF0B00833997 /* download-icon@2x.png */; };
		DC1104FA17C6FF0B00833997 /* my-slides-icon.png in Resources */ = {isa = PBXBuildFile; fileRef = DC1104EA17C6FF0B00833997 /* my-slides-icon.png */; };
		DC1104FB17C6FF0B00833997 /* my-slides-icon@2x.png in Resources */ = {isa = PBXBuildFile; fileRef = DC1104EB17C6FF0B00833997 /* my-slides-icon@2x.png */; };
		DC11050417C6FF0B00833997 /* segmented-separator.png in Resources */ = {isa = PBXBuildFile; fileRef = DC1104F417C6FF0B00833997 /* segmented-separator.png */; };
		DC11050517C6FF0B00833997 /* segmented-separator@2x.png in Resources */ = {isa = PBXBuildFile; fileRef = DC1104F517C6FF0B00833997 /* segmented-separator@2x.png */; };
		DC11050A17C7036E00833997 /* SSSettingsViewController.m in Sources */ = {isa = PBXBuildFile; fileRef = DC11050917C7036E00833997 /* SSSettingsViewController.m */; };
		DC2BCF5C17C5AECA00181774 /* SSSlideCell.m in Sources */ = {isa = PBXBuildFile; fileRef = DC2BCF5B17C5AECA00181774 /* SSSlideCell.m */; };
		DC2BCF5F17C5DBFE00181774 /* SSSlideShowViewController.m in Sources */ = {isa = PBXBuildFile; fileRef = DC2BCF5E17C5DBFE00181774 /* SSSlideShowViewController.m */; };
		DC2BCF6217C5DC1D00181774 /* SSSlideShowView.m in Sources */ = {isa = PBXBuildFile; fileRef = DC2BCF6117C5DC1C00181774 /* SSSlideShowView.m */; };
		DC38D0CC17C8ADD10013CAD6 /* SSSlideShowControlView.m in Sources */ = {isa = PBXBuildFile; fileRef = DC38D0CB17C8ADD10013CAD6 /* SSSlideShowControlView.m */; };
		DC3A4A6617CC38CE00133DDF /* MNPageViewController.m in Sources */ = {isa = PBXBuildFile; fileRef = DC3A4A6317CC38CE00133DDF /* MNPageViewController.m */; };
		DC3A4A6717CC38CE00133DDF /* MNQueuingScrollView.m in Sources */ = {isa = PBXBuildFile; fileRef = DC3A4A6517CC38CE00133DDF /* MNQueuingScrollView.m */; };
		DC4830A717CC776B00193354 /* appname.png in Resources */ = {isa = PBXBuildFile; fileRef = DC4830A617CC776B00193354 /* appname.png */; };
		DC4830AC17CC807E00193354 /* login_password.png in Resources */ = {isa = PBXBuildFile; fileRef = DC4830A817CC807E00193354 /* login_password.png */; };
		DC4830AD17CC807E00193354 /* login_password@2x.png in Resources */ = {isa = PBXBuildFile; fileRef = DC4830A917CC807E00193354 /* login_password@2x.png */; };
		DC4830AE17CC807E00193354 /* login_username.png in Resources */ = {isa = PBXBuildFile; fileRef = DC4830AA17CC807E00193354 /* login_username.png */; };
		DC4830AF17CC807E00193354 /* login_username@2x.png in Resources */ = {isa = PBXBuildFile; fileRef = DC4830AB17CC807E00193354 /* login_username@2x.png */; };
		DC56EEDA17CB2497005866B2 /* publish_icon.png in Resources */ = {isa = PBXBuildFile; fileRef = DC56EED617CB2497005866B2 /* publish_icon.png */; };
		DC56EEDB17CB2497005866B2 /* publish_icon@2x.png in Resources */ = {isa = PBXBuildFile; fileRef = DC56EED717CB2497005866B2 /* publish_icon@2x.png */; };
		DC70E57817C49B49004633F2 /* SSTopViewController.m in Sources */ = {isa = PBXBuildFile; fileRef = DC70E57717C49B49004633F2 /* SSTopViewController.m */; };
		DC70E57B17C49BCD004633F2 /* SSTopView.m in Sources */ = {isa = PBXBuildFile; fileRef = DC70E57A17C49BCD004633F2 /* SSTopView.m */; };
		DC86F8D717CCF92D0029844C /* SSTagsListView.m in Sources */ = {isa = PBXBuildFile; fileRef = DC86F8D617CCF92D0029844C /* SSTagsListView.m */; };
		DC86F8DA17CCF93F0029844C /* SSTagView.m in Sources */ = {isa = PBXBuildFile; fileRef = DC86F8D917CCF93E0029844C /* SSTagView.m */; };
		DC86F8DD17CD189E0029844C /* SSAddTagView.m in Sources */ = {isa = PBXBuildFile; fileRef = DC86F8DC17CD189D0029844C /* SSAddTagView.m */; };
		DC9F48E717DF405A00B0EC15 /* SSDB5.m in Sources */ = {isa = PBXBuildFile; fileRef = DC9F48E617DF405A00B0EC15 /* SSDB5.m */; };
		DC9F48EA17DF49C200B0EC15 /* SSApi.m in Sources */ = {isa = PBXBuildFile; fileRef = DC9F48E917DF49C200B0EC15 /* SSApi.m */; };
		DC9F48ED17DF4A1700B0EC15 /* SSSlideDataSource.m in Sources */ = {isa = PBXBuildFile; fileRef = DC9F48EC17DF4A1700B0EC15 /* SSSlideDataSource.m */; };
		DC9F48EF17DF58E900B0EC15 /* iAd.framework in Frameworks */ = {isa = PBXBuildFile; fileRef = DC9F48EE17DF58E900B0EC15 /* iAd.framework */; };
		DC9F48F517DF67D600B0EC15 /* SSAdManager.m in Sources */ = {isa = PBXBuildFile; fileRef = DC9F48F417DF67D600B0EC15 /* SSAdManager.m */; };
		DC9F48F817DF720500B0EC15 /* SSSearchOptionView.m in Sources */ = {isa = PBXBuildFile; fileRef = DC9F48F717DF720400B0EC15 /* SSSearchOptionView.m */; };
		DC9F48FB17DF73D100B0EC15 /* SSImageHelper.m in Sources */ = {isa = PBXBuildFile; fileRef = DC9F48FA17DF73D100B0EC15 /* SSImageHelper.m */; };
		DCB5A5FA17C4F2970089809C /* SSSearchViewController.m in Sources */ = {isa = PBXBuildFile; fileRef = DCB5A5F917C4F2970089809C /* SSSearchViewController.m */; };
		DCB5A5FD17C4F2C50089809C /* SSUserViewController.m in Sources */ = {isa = PBXBuildFile; fileRef = DCB5A5FC17C4F2C50089809C /* SSUserViewController.m */; };
		DCB5A60317C4F7920089809C /* SSSearchView.m in Sources */ = {isa = PBXBuildFile; fileRef = DCB5A60217C4F7920089809C /* SSSearchView.m */; };
		DCB5A60617C4F7A20089809C /* SSUserView.m in Sources */ = {isa = PBXBuildFile; fileRef = DCB5A60517C4F7A20089809C /* SSUserView.m */; };
		DCC0BAF917C493ED009FF1FD /* UIKit.framework in Frameworks */ = {isa = PBXBuildFile; fileRef = DCC0BAF817C493ED009FF1FD /* UIKit.framework */; };
		DCC0BAFB17C493ED009FF1FD /* Foundation.framework in Frameworks */ = {isa = PBXBuildFile; fileRef = DCC0BAFA17C493ED009FF1FD /* Foundation.framework */; settings = {ATTRIBUTES = (Required, ); }; };
		DCC0BAFD17C493ED009FF1FD /* CoreGraphics.framework in Frameworks */ = {isa = PBXBuildFile; fileRef = DCC0BAFC17C493ED009FF1FD /* CoreGraphics.framework */; };
		DCC0BB0317C493ED009FF1FD /* InfoPlist.strings in Resources */ = {isa = PBXBuildFile; fileRef = DCC0BB0117C493ED009FF1FD /* InfoPlist.strings */; };
		DCC0BB0517C493ED009FF1FD /* main.m in Sources */ = {isa = PBXBuildFile; fileRef = DCC0BB0417C493ED009FF1FD /* main.m */; };
		DCC0BB0D17C493ED009FF1FD /* SSAppDelegate.m in Sources */ = {isa = PBXBuildFile; fileRef = DCC0BB0C17C493ED009FF1FD /* SSAppDelegate.m */; };
		DCC0BB1B17C493ED009FF1FD /* Icon.png in Resources */ = {isa = PBXBuildFile; fileRef = DCC0BB1A17C493ED009FF1FD /* Icon.png */; };
		DCC0BB1D17C493ED009FF1FD /* Icon@2x.png in Resources */ = {isa = PBXBuildFile; fileRef = DCC0BB1C17C493ED009FF1FD /* Icon@2x.png */; };
		DCC0BB1F17C493ED009FF1FD /* Default.png in Resources */ = {isa = PBXBuildFile; fileRef = DCC0BB1E17C493ED009FF1FD /* Default.png */; };
		DCC0BB2117C493ED009FF1FD /* Default@2x.png in Resources */ = {isa = PBXBuildFile; fileRef = DCC0BB2017C493ED009FF1FD /* Default@2x.png */; };
		DCC0BB2317C493ED009FF1FD /* Default-568h@2x.png in Resources */ = {isa = PBXBuildFile; fileRef = DCC0BB2217C493ED009FF1FD /* Default-568h@2x.png */; };
		DCC0BB2917C493ED009FF1FD /* .gitignore in Resources */ = {isa = PBXBuildFile; fileRef = DCC0BB2817C493ED009FF1FD /* .gitignore */; };
		DCC0BB2C17C493ED009FF1FD /* .gitignore in Resources */ = {isa = PBXBuildFile; fileRef = DCC0BB2B17C493ED009FF1FD /* .gitignore */; };
		DCC0BB2E17C493ED009FF1FD /* Podfile in Resources */ = {isa = PBXBuildFile; fileRef = DCC0BB2D17C493ED009FF1FD /* Podfile */; };
		DCC0BB3017C493ED009FF1FD /* DB5.plist in Resources */ = {isa = PBXBuildFile; fileRef = DCC0BB2F17C493ED009FF1FD /* DB5.plist */; };
		DCC0BB3317C493ED009FF1FD /* SSView.m in Sources */ = {isa = PBXBuildFile; fileRef = DCC0BB3217C493ED009FF1FD /* SSView.m */; };
		DCC0BB3617C493ED009FF1FD /* SSViewController.m in Sources */ = {isa = PBXBuildFile; fileRef = DCC0BB3517C493ED009FF1FD /* SSViewController.m */; };
		DCC0BB4217C493EE009FF1FD /* SenTestingKit.framework in Frameworks */ = {isa = PBXBuildFile; fileRef = DCC0BB4117C493EE009FF1FD /* SenTestingKit.framework */; };
		DCC0BB4317C493EE009FF1FD /* UIKit.framework in Frameworks */ = {isa = PBXBuildFile; fileRef = DCC0BAF817C493ED009FF1FD /* UIKit.framework */; };
		DCC0BB4417C493EE009FF1FD /* Foundation.framework in Frameworks */ = {isa = PBXBuildFile; fileRef = DCC0BAFA17C493ED009FF1FD /* Foundation.framework */; };
		DCC0BB4C17C493EE009FF1FD /* InfoPlist.strings in Resources */ = {isa = PBXBuildFile; fileRef = DCC0BB4A17C493EE009FF1FD /* InfoPlist.strings */; };
		DCC0BB4F17C493EE009FF1FD /* SSlideTests.m in Sources */ = {isa = PBXBuildFile; fileRef = DCC0BB4E17C493EE009FF1FD /* SSlideTests.m */; };
		DCD300A117C708F600908CC9 /* SSSettingsView.m in Sources */ = {isa = PBXBuildFile; fileRef = DCD300A017C708F600908CC9 /* SSSettingsView.m */; };
		DCDDF64817C59CFD0095A299 /* SSSlideshow.m in Sources */ = {isa = PBXBuildFile; fileRef = DCDDF64717C59CFD0095A299 /* SSSlideshow.m */; };
/* End PBXBuildFile section */

/* Begin PBXContainerItemProxy section */
		DCC0BB4517C493EE009FF1FD /* PBXContainerItemProxy */ = {
			isa = PBXContainerItemProxy;
			containerPortal = DCC0BAED17C493ED009FF1FD /* Project object */;
			proxyType = 1;
			remoteGlobalIDString = DCC0BAF417C493ED009FF1FD;
			remoteInfo = SSlide;
		};
/* End PBXContainerItemProxy section */

/* Begin PBXFileReference section */
		43357C6A17CC3610007CD24D /* bg.png */ = {isa = PBXFileReference; lastKnownFileType = image.png; name = bg.png; path = Resources/Images/Background/bg.png; sourceTree = "<group>"; };
		43357C6B17CC3610007CD24D /* bgipad.png */ = {isa = PBXFileReference; lastKnownFileType = image.png; name = bgipad.png; path = Resources/Images/Background/bgipad.png; sourceTree = "<group>"; };
		43357C6F17CC3627007CD24D /* bar.png */ = {isa = PBXFileReference; lastKnownFileType = image.png; path = bar.png; sourceTree = "<group>"; };
		43357C7017CC3627007CD24D /* downloadcell.png */ = {isa = PBXFileReference; lastKnownFileType = image.png; path = downloadcell.png; sourceTree = "<group>"; };
		43357C7117CC3627007CD24D /* like.png */ = {isa = PBXFileReference; lastKnownFileType = image.png; path = like.png; sourceTree = "<group>"; };
		43357C7217CC3627007CD24D /* view.png */ = {isa = PBXFileReference; lastKnownFileType = image.png; path = view.png; sourceTree = "<group>"; };
		43357C7A17CC388D007CD24D /* bg@2x.png */ = {isa = PBXFileReference; lastKnownFileType = image.png; name = "bg@2x.png"; path = "Resources/Images/Background/bg@2x.png"; sourceTree = "<group>"; };
		43357C7C17CC3EEB007CD24D /* bgip5.png */ = {isa = PBXFileReference; lastKnownFileType = image.png; name = bgip5.png; path = Resources/Images/Background/bgip5.png; sourceTree = "<group>"; };
		43357C7F17CC6088007CD24D /* CANDARA.TTF */ = {isa = PBXFileReference; lastKnownFileType = file; path = CANDARA.TTF; sourceTree = "<group>"; };
		43357C8017CC6088007CD24D /* Quicksand.otf */ = {isa = PBXFileReference; lastKnownFileType = file; path = Quicksand.otf; sourceTree = "<group>"; };
		43357C8117CC6088007CD24D /* VBAMASH.TTF */ = {isa = PBXFileReference; lastKnownFileType = file; path = VBAMASH.TTF; sourceTree = "<group>"; };
		435977D717CD97B400117E2E /* page.png */ = {isa = PBXFileReference; lastKnownFileType = image.png; path = page.png; sourceTree = "<group>"; };
		435977DA17CD9A8D00117E2E /* delete_search.png */ = {isa = PBXFileReference; lastKnownFileType = image.png; path = delete_search.png; sourceTree = "<group>"; };
		435977DB17CD9A8D00117E2E /* search.png */ = {isa = PBXFileReference; lastKnownFileType = image.png; path = search.png; sourceTree = "<group>"; };
		435977DE17CDCB3B00117E2E /* downloaded.png */ = {isa = PBXFileReference; lastKnownFileType = image.png; path = downloaded.png; sourceTree = "<group>"; };
		435977E017CDEACD00117E2E /* SSSlideShowInfoView.h */ = {isa = PBXFileReference; fileEncoding = 4; lastKnownFileType = sourcecode.c.h; name = SSSlideShowInfoView.h; path = Classes/View/SSSlideShowInfoView.h; sourceTree = "<group>"; };
		435977E117CDEACD00117E2E /* SSSlideShowInfoView.m */ = {isa = PBXFileReference; fileEncoding = 4; lastKnownFileType = sourcecode.c.objc; name = SSSlideShowInfoView.m; path = Classes/View/SSSlideShowInfoView.m; sourceTree = "<group>"; };
		435C124617C731FD001FAA8E /* SSSlideListView.h */ = {isa = PBXFileReference; fileEncoding = 4; lastKnownFileType = sourcecode.c.h; name = SSSlideListView.h; path = Classes/View/SSSlideListView.h; sourceTree = "<group>"; };
		435C124717C731FE001FAA8E /* SSSlideListView.m */ = {isa = PBXFileReference; fileEncoding = 4; lastKnownFileType = sourcecode.c.objc; name = SSSlideListView.m; path = Classes/View/SSSlideListView.m; sourceTree = "<group>"; };
		43B4724317CEE7A400CAD335 /* download_slide_pressed.png */ = {isa = PBXFileReference; lastKnownFileType = image.png; path = download_slide_pressed.png; sourceTree = "<group>"; };
		43B4724417CEE7A400CAD335 /* download_slide.png */ = {isa = PBXFileReference; lastKnownFileType = image.png; path = download_slide.png; sourceTree = "<group>"; };
		43B4724517CEE7A500CAD335 /* eraser_pressed.png */ = {isa = PBXFileReference; lastKnownFileType = image.png; path = eraser_pressed.png; sourceTree = "<group>"; };
		43B4724617CEE7A500CAD335 /* eraser.png */ = {isa = PBXFileReference; lastKnownFileType = image.png; path = eraser.png; sourceTree = "<group>"; };
		43B4724717CEE7A500CAD335 /* pen_pressed.png */ = {isa = PBXFileReference; lastKnownFileType = image.png; path = pen_pressed.png; sourceTree = "<group>"; };
		43B4724817CEE7A500CAD335 /* pen.png */ = {isa = PBXFileReference; lastKnownFileType = image.png; path = pen.png; sourceTree = "<group>"; };
		43B4724917CEE7A500CAD335 /* streaming_pressed.png */ = {isa = PBXFileReference; lastKnownFileType = image.png; path = streaming_pressed.png; sourceTree = "<group>"; };
		43B4724A17CEE7A500CAD335 /* streaming.png */ = {isa = PBXFileReference; lastKnownFileType = image.png; path = streaming.png; sourceTree = "<group>"; };
		43B4725717CF200000CAD335 /* access_pressed.png */ = {isa = PBXFileReference; lastKnownFileType = image.png; path = access_pressed.png; sourceTree = "<group>"; };
		43B4725817CF200000CAD335 /* access.png */ = {isa = PBXFileReference; lastKnownFileType = image.png; path = access.png; sourceTree = "<group>"; };
		43B4725B17CF21D900CAD335 /* add.png */ = {isa = PBXFileReference; lastKnownFileType = image.png; path = add.png; sourceTree = "<group>"; };
		43B4725C17CF21D900CAD335 /* delete.png */ = {isa = PBXFileReference; lastKnownFileType = image.png; path = delete.png; sourceTree = "<group>"; };
		43B4726017CF374C00CAD335 /* description.png */ = {isa = PBXFileReference; lastKnownFileType = image.png; path = description.png; sourceTree = "<group>"; };
		43B4726217CF3AB500CAD335 /* SSDescriptionViewController.h */ = {isa = PBXFileReference; fileEncoding = 4; lastKnownFileType = sourcecode.c.h; name = SSDescriptionViewController.h; path = Classes/Controller/SSDescriptionViewController.h; sourceTree = "<group>"; };
		43B4726317CF3AB500CAD335 /* SSDescriptionViewController.m */ = {isa = PBXFileReference; fileEncoding = 4; lastKnownFileType = sourcecode.c.objc; name = SSDescriptionViewController.m; path = Classes/Controller/SSDescriptionViewController.m; sourceTree = "<group>"; };
		7E2702BF3BD1401A8049CA77 /* libPods.a */ = {isa = PBXFileReference; explicitFileType = archive.ar; includeInIndex = 0; path = libPods.a; sourceTree = BUILT_PRODUCTS_DIR; };
		91F22B6517CE576200226368 /* Default-Portrait~ipad.png */ = {isa = PBXFileReference; lastKnownFileType = image.png; name = "Default-Portrait~ipad.png"; path = "Resources/Images/Background/Default-Portrait~ipad.png"; sourceTree = "<group>"; };
		91F22B6917CE57B800226368 /* Default-Landscape~ipad.png */ = {isa = PBXFileReference; lastKnownFileType = image.png; name = "Default-Landscape~ipad.png"; path = "Resources/Images/Background/Default-Landscape~ipad.png"; sourceTree = "<group>"; };
		DC01E00417C9CC440096254A /* FayeClient.h */ = {isa = PBXFileReference; fileEncoding = 4; lastKnownFileType = sourcecode.c.h; name = FayeClient.h; path = Classes/Utilities/FayeClient.h; sourceTree = "<group>"; };
		DC01E00517C9CC440096254A /* FayeClient.m */ = {isa = PBXFileReference; fileEncoding = 4; lastKnownFileType = sourcecode.c.objc; name = FayeClient.m; path = Classes/Utilities/FayeClient.m; sourceTree = "<group>"; };
		DC01E00617C9CC440096254A /* FayeMessage.h */ = {isa = PBXFileReference; fileEncoding = 4; lastKnownFileType = sourcecode.c.h; name = FayeMessage.h; path = Classes/Utilities/FayeMessage.h; sourceTree = "<group>"; };
		DC01E00717C9CC440096254A /* FayeMessage.m */ = {isa = PBXFileReference; fileEncoding = 4; lastKnownFileType = sourcecode.c.objc; name = FayeMessage.m; path = Classes/Utilities/FayeMessage.m; sourceTree = "<group>"; };
		DC01E00817C9CC440096254A /* NSObject+PropertySupport.h */ = {isa = PBXFileReference; fileEncoding = 4; lastKnownFileType = sourcecode.c.h; name = "NSObject+PropertySupport.h"; path = "Classes/Utilities/NSObject+PropertySupport.h"; sourceTree = "<group>"; };
		DC01E00917C9CC440096254A /* NSObject+PropertySupport.m */ = {isa = PBXFileReference; fileEncoding = 4; lastKnownFileType = sourcecode.c.objc; name = "NSObject+PropertySupport.m"; path = "Classes/Utilities/NSObject+PropertySupport.m"; sourceTree = "<group>"; };
		DC01E00A17C9CC440096254A /* NSObject+Serialize.h */ = {isa = PBXFileReference; fileEncoding = 4; lastKnownFileType = sourcecode.c.h; name = "NSObject+Serialize.h"; path = "Classes/Utilities/NSObject+Serialize.h"; sourceTree = "<group>"; };
		DC01E00B17C9CC440096254A /* NSObject+Serialize.m */ = {isa = PBXFileReference; fileEncoding = 4; lastKnownFileType = sourcecode.c.objc; name = "NSObject+Serialize.m"; path = "Classes/Utilities/NSObject+Serialize.m"; sourceTree = "<group>"; };
		DC01E00C17C9CC440096254A /* NSString+InflectionSupport.h */ = {isa = PBXFileReference; fileEncoding = 4; lastKnownFileType = sourcecode.c.h; name = "NSString+InflectionSupport.h"; path = "Classes/Utilities/NSString+InflectionSupport.h"; sourceTree = "<group>"; };
		DC01E00D17C9CC440096254A /* NSString+InflectionSupport.m */ = {isa = PBXFileReference; fileEncoding = 4; lastKnownFileType = sourcecode.c.objc; name = "NSString+InflectionSupport.m"; path = "Classes/Utilities/NSString+InflectionSupport.m"; sourceTree = "<group>"; };
		DC0388D617CDB9D9002100CD /* SSTextFieldView.h */ = {isa = PBXFileReference; fileEncoding = 4; lastKnownFileType = sourcecode.c.h; name = SSTextFieldView.h; path = Classes/View/SSTextFieldView.h; sourceTree = "<group>"; };
		DC0388D717CDB9D9002100CD /* SSTextFieldView.m */ = {isa = PBXFileReference; fileEncoding = 4; lastKnownFileType = sourcecode.c.objc; name = SSTextFieldView.m; path = Classes/View/SSTextFieldView.m; sourceTree = "<group>"; };
		DC05A02317C73541000EE26F /* SSAppData.h */ = {isa = PBXFileReference; fileEncoding = 4; lastKnownFileType = sourcecode.c.h; name = SSAppData.h; path = Classes/Model/SSAppData.h; sourceTree = "<group>"; };
		DC05A02417C73541000EE26F /* SSAppData.m */ = {isa = PBXFileReference; fileEncoding = 4; lastKnownFileType = sourcecode.c.objc; name = SSAppData.m; path = Classes/Model/SSAppData.m; sourceTree = "<group>"; };
		DC05A02617C73581000EE26F /* SSUser.h */ = {isa = PBXFileReference; fileEncoding = 4; lastKnownFileType = sourcecode.c.h; name = SSUser.h; path = Classes/Model/SSUser.h; sourceTree = "<group>"; };
		DC05A02717C73581000EE26F /* SSUser.m */ = {isa = PBXFileReference; fileEncoding = 4; lastKnownFileType = sourcecode.c.objc; name = SSUser.m; path = Classes/Model/SSUser.m; sourceTree = "<group>"; };
		DC081B5317C666F700A893C2 /* SSSlideShowPageViewController.h */ = {isa = PBXFileReference; fileEncoding = 4; lastKnownFileType = sourcecode.c.h; name = SSSlideShowPageViewController.h; path = Classes/Controller/SSSlideShowPageViewController.h; sourceTree = "<group>"; };
		DC081B5417C666F800A893C2 /* SSSlideShowPageViewController.m */ = {isa = PBXFileReference; fileEncoding = 4; lastKnownFileType = sourcecode.c.objc; name = SSSlideShowPageViewController.m; path = Classes/Controller/SSSlideShowPageViewController.m; sourceTree = "<group>"; };
		DC0C758517C8907000BD9C58 /* SSRootViewController.h */ = {isa = PBXFileReference; fileEncoding = 4; lastKnownFileType = sourcecode.c.h; name = SSRootViewController.h; path = Classes/Controller/SSRootViewController.h; sourceTree = "<group>"; };
		DC0C758617C8907000BD9C58 /* SSRootViewController.m */ = {isa = PBXFileReference; fileEncoding = 4; lastKnownFileType = sourcecode.c.objc; name = SSRootViewController.m; path = Classes/Controller/SSRootViewController.m; sourceTree = "<group>"; };
		DC1104E817C6FF0B00833997 /* download-icon.png */ = {isa = PBXFileReference; lastKnownFileType = image.png; path = "download-icon.png"; sourceTree = "<group>"; };
		DC1104E917C6FF0B00833997 /* download-icon@2x.png */ = {isa = PBXFileReference; lastKnownFileType = image.png; path = "download-icon@2x.png"; sourceTree = "<group>"; };
		DC1104EA17C6FF0B00833997 /* my-slides-icon.png */ = {isa = PBXFileReference; lastKnownFileType = image.png; path = "my-slides-icon.png"; sourceTree = "<group>"; };
		DC1104EB17C6FF0B00833997 /* my-slides-icon@2x.png */ = {isa = PBXFileReference; lastKnownFileType = image.png; path = "my-slides-icon@2x.png"; sourceTree = "<group>"; };
		DC1104F417C6FF0B00833997 /* segmented-separator.png */ = {isa = PBXFileReference; lastKnownFileType = image.png; path = "segmented-separator.png"; sourceTree = "<group>"; };
		DC1104F517C6FF0B00833997 /* segmented-separator@2x.png */ = {isa = PBXFileReference; lastKnownFileType = image.png; path = "segmented-separator@2x.png"; sourceTree = "<group>"; };
		DC11050817C7036E00833997 /* SSSettingsViewController.h */ = {isa = PBXFileReference; fileEncoding = 4; lastKnownFileType = sourcecode.c.h; name = SSSettingsViewController.h; path = Classes/Controller/SSSettingsViewController.h; sourceTree = "<group>"; };
		DC11050917C7036E00833997 /* SSSettingsViewController.m */ = {isa = PBXFileReference; fileEncoding = 4; lastKnownFileType = sourcecode.c.objc; name = SSSettingsViewController.m; path = Classes/Controller/SSSettingsViewController.m; sourceTree = "<group>"; };
		DC2BCF5A17C5AECA00181774 /* SSSlideCell.h */ = {isa = PBXFileReference; fileEncoding = 4; lastKnownFileType = sourcecode.c.h; name = SSSlideCell.h; path = Classes/View/SSSlideCell.h; sourceTree = "<group>"; };
		DC2BCF5B17C5AECA00181774 /* SSSlideCell.m */ = {isa = PBXFileReference; fileEncoding = 4; lastKnownFileType = sourcecode.c.objc; name = SSSlideCell.m; path = Classes/View/SSSlideCell.m; sourceTree = "<group>"; };
		DC2BCF5D17C5DBFE00181774 /* SSSlideShowViewController.h */ = {isa = PBXFileReference; fileEncoding = 4; lastKnownFileType = sourcecode.c.h; name = SSSlideShowViewController.h; path = Classes/Controller/SSSlideShowViewController.h; sourceTree = "<group>"; };
		DC2BCF5E17C5DBFE00181774 /* SSSlideShowViewController.m */ = {isa = PBXFileReference; fileEncoding = 4; lastKnownFileType = sourcecode.c.objc; name = SSSlideShowViewController.m; path = Classes/Controller/SSSlideShowViewController.m; sourceTree = "<group>"; };
		DC2BCF6017C5DC1C00181774 /* SSSlideShowView.h */ = {isa = PBXFileReference; fileEncoding = 4; lastKnownFileType = sourcecode.c.h; name = SSSlideShowView.h; path = Classes/View/SSSlideShowView.h; sourceTree = "<group>"; };
		DC2BCF6117C5DC1C00181774 /* SSSlideShowView.m */ = {isa = PBXFileReference; fileEncoding = 4; lastKnownFileType = sourcecode.c.objc; name = SSSlideShowView.m; path = Classes/View/SSSlideShowView.m; sourceTree = "<group>"; };
		DC38D0CA17C8ADD10013CAD6 /* SSSlideShowControlView.h */ = {isa = PBXFileReference; fileEncoding = 4; lastKnownFileType = sourcecode.c.h; name = SSSlideShowControlView.h; path = Classes/View/SSSlideShowControlView.h; sourceTree = "<group>"; };
		DC38D0CB17C8ADD10013CAD6 /* SSSlideShowControlView.m */ = {isa = PBXFileReference; fileEncoding = 4; lastKnownFileType = sourcecode.c.objc; name = SSSlideShowControlView.m; path = Classes/View/SSSlideShowControlView.m; sourceTree = "<group>"; };
		DC3A4A6217CC38CE00133DDF /* MNPageViewController.h */ = {isa = PBXFileReference; fileEncoding = 4; lastKnownFileType = sourcecode.c.h; name = MNPageViewController.h; path = Classes/Utilities/MNPageViewController.h; sourceTree = "<group>"; };
		DC3A4A6317CC38CE00133DDF /* MNPageViewController.m */ = {isa = PBXFileReference; fileEncoding = 4; lastKnownFileType = sourcecode.c.objc; name = MNPageViewController.m; path = Classes/Utilities/MNPageViewController.m; sourceTree = "<group>"; };
		DC3A4A6417CC38CE00133DDF /* MNQueuingScrollView.h */ = {isa = PBXFileReference; fileEncoding = 4; lastKnownFileType = sourcecode.c.h; name = MNQueuingScrollView.h; path = Classes/Utilities/MNQueuingScrollView.h; sourceTree = "<group>"; };
		DC3A4A6517CC38CE00133DDF /* MNQueuingScrollView.m */ = {isa = PBXFileReference; fileEncoding = 4; lastKnownFileType = sourcecode.c.objc; name = MNQueuingScrollView.m; path = Classes/Utilities/MNQueuingScrollView.m; sourceTree = "<group>"; };
		DC4830A617CC776B00193354 /* appname.png */ = {isa = PBXFileReference; lastKnownFileType = image.png; path = appname.png; sourceTree = "<group>"; };
		DC4830A817CC807E00193354 /* login_password.png */ = {isa = PBXFileReference; lastKnownFileType = image.png; path = login_password.png; sourceTree = "<group>"; };
		DC4830A917CC807E00193354 /* login_password@2x.png */ = {isa = PBXFileReference; lastKnownFileType = image.png; path = "login_password@2x.png"; sourceTree = "<group>"; };
		DC4830AA17CC807E00193354 /* login_username.png */ = {isa = PBXFileReference; lastKnownFileType = image.png; path = login_username.png; sourceTree = "<group>"; };
		DC4830AB17CC807E00193354 /* login_username@2x.png */ = {isa = PBXFileReference; lastKnownFileType = image.png; path = "login_username@2x.png"; sourceTree = "<group>"; };
		DC56EED617CB2497005866B2 /* publish_icon.png */ = {isa = PBXFileReference; lastKnownFileType = image.png; path = publish_icon.png; sourceTree = "<group>"; };
		DC56EED717CB2497005866B2 /* publish_icon@2x.png */ = {isa = PBXFileReference; lastKnownFileType = image.png; path = "publish_icon@2x.png"; sourceTree = "<group>"; };
		DC70E57617C49B49004633F2 /* SSTopViewController.h */ = {isa = PBXFileReference; fileEncoding = 4; lastKnownFileType = sourcecode.c.h; name = SSTopViewController.h; path = Classes/Controller/SSTopViewController.h; sourceTree = "<group>"; };
		DC70E57717C49B49004633F2 /* SSTopViewController.m */ = {isa = PBXFileReference; fileEncoding = 4; lastKnownFileType = sourcecode.c.objc; name = SSTopViewController.m; path = Classes/Controller/SSTopViewController.m; sourceTree = "<group>"; };
		DC70E57917C49BCD004633F2 /* SSTopView.h */ = {isa = PBXFileReference; fileEncoding = 4; lastKnownFileType = sourcecode.c.h; name = SSTopView.h; path = Classes/View/SSTopView.h; sourceTree = "<group>"; };
		DC70E57A17C49BCD004633F2 /* SSTopView.m */ = {isa = PBXFileReference; fileEncoding = 4; lastKnownFileType = sourcecode.c.objc; name = SSTopView.m; path = Classes/View/SSTopView.m; sourceTree = "<group>"; };
		DC86F8D517CCF92D0029844C /* SSTagsListView.h */ = {isa = PBXFileReference; fileEncoding = 4; lastKnownFileType = sourcecode.c.h; name = SSTagsListView.h; path = Classes/View/SSTagsListView.h; sourceTree = "<group>"; };
		DC86F8D617CCF92D0029844C /* SSTagsListView.m */ = {isa = PBXFileReference; fileEncoding = 4; lastKnownFileType = sourcecode.c.objc; name = SSTagsListView.m; path = Classes/View/SSTagsListView.m; sourceTree = "<group>"; };
		DC86F8D817CCF93E0029844C /* SSTagView.h */ = {isa = PBXFileReference; fileEncoding = 4; lastKnownFileType = sourcecode.c.h; name = SSTagView.h; path = Classes/View/SSTagView.h; sourceTree = "<group>"; };
		DC86F8D917CCF93E0029844C /* SSTagView.m */ = {isa = PBXFileReference; fileEncoding = 4; lastKnownFileType = sourcecode.c.objc; name = SSTagView.m; path = Classes/View/SSTagView.m; sourceTree = "<group>"; };
		DC86F8DB17CD189D0029844C /* SSAddTagView.h */ = {isa = PBXFileReference; fileEncoding = 4; lastKnownFileType = sourcecode.c.h; name = SSAddTagView.h; path = Classes/View/SSAddTagView.h; sourceTree = "<group>"; };
		DC86F8DC17CD189D0029844C /* SSAddTagView.m */ = {isa = PBXFileReference; fileEncoding = 4; lastKnownFileType = sourcecode.c.objc; name = SSAddTagView.m; path = Classes/View/SSAddTagView.m; sourceTree = "<group>"; };
		DC9F48E517DF405A00B0EC15 /* SSDB5.h */ = {isa = PBXFileReference; fileEncoding = 4; lastKnownFileType = sourcecode.c.h; name = SSDB5.h; path = Classes/Manager/SSDB5.h; sourceTree = "<group>"; };
		DC9F48E617DF405A00B0EC15 /* SSDB5.m */ = {isa = PBXFileReference; fileEncoding = 4; lastKnownFileType = sourcecode.c.objc; name = SSDB5.m; path = Classes/Manager/SSDB5.m; sourceTree = "<group>"; };
		DC9F48E817DF49C200B0EC15 /* SSApi.h */ = {isa = PBXFileReference; fileEncoding = 4; lastKnownFileType = sourcecode.c.h; name = SSApi.h; path = Classes/Helper/SSApi.h; sourceTree = "<group>"; };
		DC9F48E917DF49C200B0EC15 /* SSApi.m */ = {isa = PBXFileReference; fileEncoding = 4; lastKnownFileType = sourcecode.c.objc; name = SSApi.m; path = Classes/Helper/SSApi.m; sourceTree = "<group>"; };
		DC9F48EB17DF4A1700B0EC15 /* SSSlideDataSource.h */ = {isa = PBXFileReference; fileEncoding = 4; lastKnownFileType = sourcecode.c.h; name = SSSlideDataSource.h; path = Classes/Helper/SSSlideDataSource.h; sourceTree = "<group>"; };
		DC9F48EC17DF4A1700B0EC15 /* SSSlideDataSource.m */ = {isa = PBXFileReference; fileEncoding = 4; lastKnownFileType = sourcecode.c.objc; name = SSSlideDataSource.m; path = Classes/Helper/SSSlideDataSource.m; sourceTree = "<group>"; };
		DC9F48EE17DF58E900B0EC15 /* iAd.framework */ = {isa = PBXFileReference; lastKnownFileType = wrapper.framework; name = iAd.framework; path = System/Library/Frameworks/iAd.framework; sourceTree = SDKROOT; };
		DC9F48F317DF67D600B0EC15 /* SSAdManager.h */ = {isa = PBXFileReference; fileEncoding = 4; lastKnownFileType = sourcecode.c.h; name = SSAdManager.h; path = Classes/Manager/SSAdManager.h; sourceTree = "<group>"; };
		DC9F48F417DF67D600B0EC15 /* SSAdManager.m */ = {isa = PBXFileReference; fileEncoding = 4; lastKnownFileType = sourcecode.c.objc; name = SSAdManager.m; path = Classes/Manager/SSAdManager.m; sourceTree = "<group>"; };
		DC9F48F617DF720300B0EC15 /* SSSearchOptionView.h */ = {isa = PBXFileReference; fileEncoding = 4; lastKnownFileType = sourcecode.c.h; name = SSSearchOptionView.h; path = Classes/View/SSSearchOptionView.h; sourceTree = "<group>"; };
		DC9F48F717DF720400B0EC15 /* SSSearchOptionView.m */ = {isa = PBXFileReference; fileEncoding = 4; lastKnownFileType = sourcecode.c.objc; name = SSSearchOptionView.m; path = Classes/View/SSSearchOptionView.m; sourceTree = "<group>"; };
		DC9F48F917DF73D100B0EC15 /* SSImageHelper.h */ = {isa = PBXFileReference; fileEncoding = 4; lastKnownFileType = sourcecode.c.h; name = SSImageHelper.h; path = Classes/Helper/SSImageHelper.h; sourceTree = "<group>"; };
		DC9F48FA17DF73D100B0EC15 /* SSImageHelper.m */ = {isa = PBXFileReference; fileEncoding = 4; lastKnownFileType = sourcecode.c.objc; name = SSImageHelper.m; path = Classes/Helper/SSImageHelper.m; sourceTree = "<group>"; };
		DCB5A5F817C4F2970089809C /* SSSearchViewController.h */ = {isa = PBXFileReference; fileEncoding = 4; lastKnownFileType = sourcecode.c.h; name = SSSearchViewController.h; path = Classes/Controller/SSSearchViewController.h; sourceTree = "<group>"; };
		DCB5A5F917C4F2970089809C /* SSSearchViewController.m */ = {isa = PBXFileReference; fileEncoding = 4; lastKnownFileType = sourcecode.c.objc; name = SSSearchViewController.m; path = Classes/Controller/SSSearchViewController.m; sourceTree = "<group>"; };
		DCB5A5FB17C4F2C50089809C /* SSUserViewController.h */ = {isa = PBXFileReference; fileEncoding = 4; lastKnownFileType = sourcecode.c.h; name = SSUserViewController.h; path = Classes/Controller/SSUserViewController.h; sourceTree = "<group>"; };
		DCB5A5FC17C4F2C50089809C /* SSUserViewController.m */ = {isa = PBXFileReference; fileEncoding = 4; lastKnownFileType = sourcecode.c.objc; name = SSUserViewController.m; path = Classes/Controller/SSUserViewController.m; sourceTree = "<group>"; };
		DCB5A60117C4F7920089809C /* SSSearchView.h */ = {isa = PBXFileReference; fileEncoding = 4; lastKnownFileType = sourcecode.c.h; name = SSSearchView.h; path = Classes/View/SSSearchView.h; sourceTree = "<group>"; };
		DCB5A60217C4F7920089809C /* SSSearchView.m */ = {isa = PBXFileReference; fileEncoding = 4; lastKnownFileType = sourcecode.c.objc; name = SSSearchView.m; path = Classes/View/SSSearchView.m; sourceTree = "<group>"; };
		DCB5A60417C4F7A20089809C /* SSUserView.h */ = {isa = PBXFileReference; fileEncoding = 4; lastKnownFileType = sourcecode.c.h; name = SSUserView.h; path = Classes/View/SSUserView.h; sourceTree = "<group>"; };
		DCB5A60517C4F7A20089809C /* SSUserView.m */ = {isa = PBXFileReference; fileEncoding = 4; lastKnownFileType = sourcecode.c.objc; name = SSUserView.m; path = Classes/View/SSUserView.m; sourceTree = "<group>"; };
		DCC0BAF517C493ED009FF1FD /* SSlide.app */ = {isa = PBXFileReference; explicitFileType = wrapper.application; includeInIndex = 0; path = SSlide.app; sourceTree = BUILT_PRODUCTS_DIR; };
		DCC0BAF817C493ED009FF1FD /* UIKit.framework */ = {isa = PBXFileReference; lastKnownFileType = wrapper.framework; name = UIKit.framework; path = System/Library/Frameworks/UIKit.framework; sourceTree = SDKROOT; };
		DCC0BAFA17C493ED009FF1FD /* Foundation.framework */ = {isa = PBXFileReference; lastKnownFileType = wrapper.framework; name = Foundation.framework; path = System/Library/Frameworks/Foundation.framework; sourceTree = SDKROOT; };
		DCC0BAFC17C493ED009FF1FD /* CoreGraphics.framework */ = {isa = PBXFileReference; lastKnownFileType = wrapper.framework; name = CoreGraphics.framework; path = System/Library/Frameworks/CoreGraphics.framework; sourceTree = SDKROOT; };
		DCC0BB0017C493ED009FF1FD /* SSlide-Info.plist */ = {isa = PBXFileReference; lastKnownFileType = text.plist.xml; path = "SSlide-Info.plist"; sourceTree = "<group>"; };
		DCC0BB0217C493ED009FF1FD /* en */ = {isa = PBXFileReference; lastKnownFileType = text.plist.strings; name = en; path = en.lproj/InfoPlist.strings; sourceTree = "<group>"; };
		DCC0BB0417C493ED009FF1FD /* main.m */ = {isa = PBXFileReference; lastKnownFileType = sourcecode.c.objc; path = main.m; sourceTree = "<group>"; };
		DCC0BB0617C493ED009FF1FD /* SSlide-Prefix.pch */ = {isa = PBXFileReference; lastKnownFileType = sourcecode.c.h; path = "SSlide-Prefix.pch"; sourceTree = "<group>"; };
		DCC0BB0917C493ED009FF1FD /* README.md */ = {isa = PBXFileReference; lastKnownFileType = text; name = README.md; path = ../README.md; sourceTree = "<group>"; };
		DCC0BB0A17C493ED009FF1FD /* .gitignore */ = {isa = PBXFileReference; lastKnownFileType = text; name = .gitignore; path = ../.gitignore; sourceTree = "<group>"; };
		DCC0BB0B17C493ED009FF1FD /* SSAppDelegate.h */ = {isa = PBXFileReference; lastKnownFileType = sourcecode.c.h; name = SSAppDelegate.h; path = Classes/Application/SSAppDelegate.h; sourceTree = "<group>"; };
		DCC0BB0C17C493ED009FF1FD /* SSAppDelegate.m */ = {isa = PBXFileReference; lastKnownFileType = sourcecode.c.objc; name = SSAppDelegate.m; path = Classes/Application/SSAppDelegate.m; sourceTree = "<group>"; };
		DCC0BB1A17C493ED009FF1FD /* Icon.png */ = {isa = PBXFileReference; lastKnownFileType = image.png; name = Icon.png; path = Resources/Images/Background/Icon.png; sourceTree = "<group>"; };
		DCC0BB1C17C493ED009FF1FD /* Icon@2x.png */ = {isa = PBXFileReference; lastKnownFileType = image.png; name = "Icon@2x.png"; path = "Resources/Images/Background/Icon@2x.png"; sourceTree = "<group>"; };
		DCC0BB1E17C493ED009FF1FD /* Default.png */ = {isa = PBXFileReference; lastKnownFileType = image.png; name = Default.png; path = Resources/Images/Background/Default.png; sourceTree = "<group>"; };
		DCC0BB2017C493ED009FF1FD /* Default@2x.png */ = {isa = PBXFileReference; lastKnownFileType = image.png; name = "Default@2x.png"; path = "Resources/Images/Background/Default@2x.png"; sourceTree = "<group>"; };
		DCC0BB2217C493ED009FF1FD /* Default-568h@2x.png */ = {isa = PBXFileReference; lastKnownFileType = image.png; name = "Default-568h@2x.png"; path = "Resources/Images/Background/Default-568h@2x.png"; sourceTree = "<group>"; };
		DCC0BB2817C493ED009FF1FD /* .gitignore */ = {isa = PBXFileReference; lastKnownFileType = text; name = .gitignore; path = Resources/Sounds/.gitignore; sourceTree = "<group>"; };
		DCC0BB2B17C493ED009FF1FD /* .gitignore */ = {isa = PBXFileReference; lastKnownFileType = text; name = .gitignore; path = Resources/Xibs/.gitignore; sourceTree = "<group>"; };
		DCC0BB2D17C493ED009FF1FD /* Podfile */ = {isa = PBXFileReference; lastKnownFileType = text; name = Podfile; path = ../Podfile; sourceTree = "<group>"; xcLanguageSpecificationIdentifier = xcode.lang.ruby; };
		DCC0BB2F17C493ED009FF1FD /* DB5.plist */ = {isa = PBXFileReference; lastKnownFileType = text.plist.xml; name = DB5.plist; path = Resources/Plists/DB5.plist; sourceTree = "<group>"; };
		DCC0BB3117C493ED009FF1FD /* SSView.h */ = {isa = PBXFileReference; lastKnownFileType = sourcecode.c.h; name = SSView.h; path = Classes/View/SSView.h; sourceTree = "<group>"; };
		DCC0BB3217C493ED009FF1FD /* SSView.m */ = {isa = PBXFileReference; lastKnownFileType = sourcecode.c.objc; name = SSView.m; path = Classes/View/SSView.m; sourceTree = "<group>"; };
		DCC0BB3417C493ED009FF1FD /* SSViewController.h */ = {isa = PBXFileReference; lastKnownFileType = sourcecode.c.h; name = SSViewController.h; path = Classes/Controller/SSViewController.h; sourceTree = "<group>"; };
		DCC0BB3517C493ED009FF1FD /* SSViewController.m */ = {isa = PBXFileReference; lastKnownFileType = sourcecode.c.objc; name = SSViewController.m; path = Classes/Controller/SSViewController.m; sourceTree = "<group>"; };
		DCC0BB4017C493EE009FF1FD /* SSlideTests.octest */ = {isa = PBXFileReference; explicitFileType = wrapper.cfbundle; includeInIndex = 0; path = SSlideTests.octest; sourceTree = BUILT_PRODUCTS_DIR; };
		DCC0BB4117C493EE009FF1FD /* SenTestingKit.framework */ = {isa = PBXFileReference; lastKnownFileType = wrapper.framework; name = SenTestingKit.framework; path = Library/Frameworks/SenTestingKit.framework; sourceTree = DEVELOPER_DIR; };
		DCC0BB4917C493EE009FF1FD /* SSlideTests-Info.plist */ = {isa = PBXFileReference; lastKnownFileType = text.plist.xml; path = "SSlideTests-Info.plist"; sourceTree = "<group>"; };
		DCC0BB4B17C493EE009FF1FD /* en */ = {isa = PBXFileReference; lastKnownFileType = text.plist.strings; name = en; path = en.lproj/InfoPlist.strings; sourceTree = "<group>"; };
		DCC0BB4D17C493EE009FF1FD /* SSlideTests.h */ = {isa = PBXFileReference; lastKnownFileType = sourcecode.c.h; path = SSlideTests.h; sourceTree = "<group>"; };
		DCC0BB4E17C493EE009FF1FD /* SSlideTests.m */ = {isa = PBXFileReference; lastKnownFileType = sourcecode.c.objc; path = SSlideTests.m; sourceTree = "<group>"; };
		DCD3009F17C708F600908CC9 /* SSSettingsView.h */ = {isa = PBXFileReference; fileEncoding = 4; lastKnownFileType = sourcecode.c.h; name = SSSettingsView.h; path = Classes/View/SSSettingsView.h; sourceTree = "<group>"; };
		DCD300A017C708F600908CC9 /* SSSettingsView.m */ = {isa = PBXFileReference; fileEncoding = 4; lastKnownFileType = sourcecode.c.objc; name = SSSettingsView.m; path = Classes/View/SSSettingsView.m; sourceTree = "<group>"; };
		DCDDF64617C59CFD0095A299 /* SSSlideshow.h */ = {isa = PBXFileReference; fileEncoding = 4; lastKnownFileType = sourcecode.c.h; name = SSSlideshow.h; path = Classes/Model/SSSlideshow.h; sourceTree = "<group>"; };
		DCDDF64717C59CFD0095A299 /* SSSlideshow.m */ = {isa = PBXFileReference; fileEncoding = 4; lastKnownFileType = sourcecode.c.objc; name = SSSlideshow.m; path = Classes/Model/SSSlideshow.m; sourceTree = "<group>"; };
		EFFA65580FCF476BA4AB7419 /* Pods.xcconfig */ = {isa = PBXFileReference; includeInIndex = 1; lastKnownFileType = text.xcconfig; name = Pods.xcconfig; path = Pods/Pods.xcconfig; sourceTree = SOURCE_ROOT; };
/* End PBXFileReference section */

/* Begin PBXFrameworksBuildPhase section */
		DCC0BAF217C493ED009FF1FD /* Frameworks */ = {
			isa = PBXFrameworksBuildPhase;
			buildActionMask = 2147483647;
			files = (
				DC9F48EF17DF58E900B0EC15 /* iAd.framework in Frameworks */,
				DCC0BAF917C493ED009FF1FD /* UIKit.framework in Frameworks */,
				DCC0BAFB17C493ED009FF1FD /* Foundation.framework in Frameworks */,
				DCC0BAFD17C493ED009FF1FD /* CoreGraphics.framework in Frameworks */,
				3009B6485BA1436BAC1BA6F5 /* libPods.a in Frameworks */,
			);
			runOnlyForDeploymentPostprocessing = 0;
		};
		DCC0BB3C17C493EE009FF1FD /* Frameworks */ = {
			isa = PBXFrameworksBuildPhase;
			buildActionMask = 2147483647;
			files = (
				DCC0BB4217C493EE009FF1FD /* SenTestingKit.framework in Frameworks */,
				DCC0BB4317C493EE009FF1FD /* UIKit.framework in Frameworks */,
				DCC0BB4417C493EE009FF1FD /* Foundation.framework in Frameworks */,
			);
			runOnlyForDeploymentPostprocessing = 0;
		};
/* End PBXFrameworksBuildPhase section */

/* Begin PBXGroup section */
		43357C6E17CC3627007CD24D /* slide_cell */ = {
			isa = PBXGroup;
			children = (
				435977DE17CDCB3B00117E2E /* downloaded.png */,
				43357C6F17CC3627007CD24D /* bar.png */,
				43357C7017CC3627007CD24D /* downloadcell.png */,
				43357C7117CC3627007CD24D /* like.png */,
				43357C7217CC3627007CD24D /* view.png */,
			);
			name = slide_cell;
			path = Resources/Images/slide_cell;
			sourceTree = "<group>";
		};
		43357C7317CC3627007CD24D /* top_screen */ = {
			isa = PBXGroup;
			children = (
				DC4830A617CC776B00193354 /* appname.png */,
			);
			name = top_screen;
			path = Resources/Images/top_screen;
			sourceTree = "<group>";
		};
		43357C7E17CC6088007CD24D /* Fonts */ = {
			isa = PBXGroup;
			children = (
				43357C7F17CC6088007CD24D /* CANDARA.TTF */,
				43357C8017CC6088007CD24D /* Quicksand.otf */,
				43357C8117CC6088007CD24D /* VBAMASH.TTF */,
			);
			name = Fonts;
			path = Resources/Fonts;
			sourceTree = "<group>";
		};
		435977D917CD9A8D00117E2E /* search_screen */ = {
			isa = PBXGroup;
			children = (
				435977DA17CD9A8D00117E2E /* delete_search.png */,
				435977DB17CD9A8D00117E2E /* search.png */,
			);
			name = search_screen;
			path = Resources/Images/search_screen;
			sourceTree = "<group>";
		};
		43B4725F17CF374C00CAD335 /* description_popup */ = {
			isa = PBXGroup;
			children = (
				43B4726017CF374C00CAD335 /* description.png */,
			);
			name = description_popup;
			path = Resources/Images/description_popup;
			sourceTree = "<group>";
		};
		DC081B5217C657B200A893C2 /* Extensions */ = {
			isa = PBXGroup;
			children = (
			);
			name = Extensions;
			sourceTree = "<group>";
		};
		DC1104E717C6FF0B00833997 /* user_screen */ = {
			isa = PBXGroup;
			children = (
				43B4725B17CF21D900CAD335 /* add.png */,
				43B4725C17CF21D900CAD335 /* delete.png */,
				DC4830A817CC807E00193354 /* login_password.png */,
				DC4830A917CC807E00193354 /* login_password@2x.png */,
				DC4830AA17CC807E00193354 /* login_username.png */,
				DC4830AB17CC807E00193354 /* login_username@2x.png */,
				DC1104E817C6FF0B00833997 /* download-icon.png */,
				DC1104E917C6FF0B00833997 /* download-icon@2x.png */,
				DC1104EA17C6FF0B00833997 /* my-slides-icon.png */,
				DC1104EB17C6FF0B00833997 /* my-slides-icon@2x.png */,
				DC1104F417C6FF0B00833997 /* segmented-separator.png */,
				DC1104F517C6FF0B00833997 /* segmented-separator@2x.png */,
			);
			name = user_screen;
			path = Resources/Images/user_screen;
			sourceTree = "<group>";
		};
		DC48BFCE17C51BBA00340FE0 /* Helper */ = {
			isa = PBXGroup;
			children = (
				DC9F48E817DF49C200B0EC15 /* SSApi.h */,
				DC9F48E917DF49C200B0EC15 /* SSApi.m */,
				DC9F48EB17DF4A1700B0EC15 /* SSSlideDataSource.h */,
				DC9F48EC17DF4A1700B0EC15 /* SSSlideDataSource.m */,
				DC9F48F917DF73D100B0EC15 /* SSImageHelper.h */,
				DC9F48FA17DF73D100B0EC15 /* SSImageHelper.m */,
			);
			name = Helper;
			sourceTree = "<group>";
		};
		DC56EECF17CB1DB5005866B2 /* slideshow_screen */ = {
			isa = PBXGroup;
			children = (
				43B4725717CF200000CAD335 /* access_pressed.png */,
				43B4725817CF200000CAD335 /* access.png */,
				43B4724317CEE7A400CAD335 /* download_slide_pressed.png */,
				43B4724417CEE7A400CAD335 /* download_slide.png */,
				43B4724517CEE7A500CAD335 /* eraser_pressed.png */,
				43B4724617CEE7A500CAD335 /* eraser.png */,
				43B4724717CEE7A500CAD335 /* pen_pressed.png */,
				43B4724817CEE7A500CAD335 /* pen.png */,
				43B4724917CEE7A500CAD335 /* streaming_pressed.png */,
				43B4724A17CEE7A500CAD335 /* streaming.png */,
				435977D717CD97B400117E2E /* page.png */,
				DC56EED617CB2497005866B2 /* publish_icon.png */,
				DC56EED717CB2497005866B2 /* publish_icon@2x.png */,
			);
			name = slideshow_screen;
			path = Resources/Images/slideshow_screen;
			sourceTree = "<group>";
		};
		DC9F48E417DF375300B0EC15 /* Manager */ = {
			isa = PBXGroup;
			children = (
				DC9F48E517DF405A00B0EC15 /* SSDB5.h */,
				DC9F48E617DF405A00B0EC15 /* SSDB5.m */,
				DC9F48F317DF67D600B0EC15 /* SSAdManager.h */,
				DC9F48F417DF67D600B0EC15 /* SSAdManager.m */,
			);
			name = Manager;
			sourceTree = "<group>";
		};
		DCC0BAEC17C493ED009FF1FD = {
			isa = PBXGroup;
			children = (
				DCC0BAFE17C493ED009FF1FD /* SSlide */,
				DCC0BB4717C493EE009FF1FD /* SSlideTests */,
				DCC0BAF717C493ED009FF1FD /* Frameworks */,
				DCC0BAF617C493ED009FF1FD /* Products */,
				EFFA65580FCF476BA4AB7419 /* Pods.xcconfig */,
			);
			sourceTree = "<group>";
		};
		DCC0BAF617C493ED009FF1FD /* Products */ = {
			isa = PBXGroup;
			children = (
				DCC0BAF517C493ED009FF1FD /* SSlide.app */,
				DCC0BB4017C493EE009FF1FD /* SSlideTests.octest */,
			);
			name = Products;
			sourceTree = "<group>";
		};
		DCC0BAF717C493ED009FF1FD /* Frameworks */ = {
			isa = PBXGroup;
			children = (
				DC9F48EE17DF58E900B0EC15 /* iAd.framework */,
				DCC0BAF817C493ED009FF1FD /* UIKit.framework */,
				DCC0BAFA17C493ED009FF1FD /* Foundation.framework */,
				DCC0BAFC17C493ED009FF1FD /* CoreGraphics.framework */,
				DCC0BB4117C493EE009FF1FD /* SenTestingKit.framework */,
				7E2702BF3BD1401A8049CA77 /* libPods.a */,
			);
			name = Frameworks;
			sourceTree = "<group>";
		};
		DCC0BAFE17C493ED009FF1FD /* SSlide */ = {
			isa = PBXGroup;
			children = (
				DCC0BB0717C493ED009FF1FD /* Classes */,
				DCC0BB1717C493ED009FF1FD /* Resources */,
				DCC0BAFF17C493ED009FF1FD /* Supporting Files */,
			);
			path = SSlide;
			sourceTree = "<group>";
		};
		DCC0BAFF17C493ED009FF1FD /* Supporting Files */ = {
			isa = PBXGroup;
			children = (
				DCC0BB0017C493ED009FF1FD /* SSlide-Info.plist */,
				DCC0BB0117C493ED009FF1FD /* InfoPlist.strings */,
				DCC0BB0417C493ED009FF1FD /* main.m */,
				DCC0BB0617C493ED009FF1FD /* SSlide-Prefix.pch */,
			);
			name = "Supporting Files";
			sourceTree = "<group>";
		};
		DCC0BB0717C493ED009FF1FD /* Classes */ = {
			isa = PBXGroup;
			children = (
				DCC0BB0817C493ED009FF1FD /* Application */,
				DCC0BB0E17C493ED009FF1FD /* Controller */,
				DCC0BB1117C493ED009FF1FD /* View */,
				DCC0BB1417C493ED009FF1FD /* Model */,
				DC9F48E417DF375300B0EC15 /* Manager */,
				DC48BFCE17C51BBA00340FE0 /* Helper */,
				DC081B5217C657B200A893C2 /* Extensions */,
				DCC0BB3717C493ED009FF1FD /* Utilities */,
			);
			name = Classes;
			sourceTree = "<group>";
		};
		DCC0BB0817C493ED009FF1FD /* Application */ = {
			isa = PBXGroup;
			children = (
				DCC0BB0B17C493ED009FF1FD /* SSAppDelegate.h */,
				DCC0BB0C17C493ED009FF1FD /* SSAppDelegate.m */,
				DCC0BB0917C493ED009FF1FD /* README.md */,
				DCC0BB2D17C493ED009FF1FD /* Podfile */,
				DCC0BB0A17C493ED009FF1FD /* .gitignore */,
			);
			name = Application;
			sourceTree = "<group>";
		};
		DCC0BB0E17C493ED009FF1FD /* Controller */ = {
			isa = PBXGroup;
			children = (
				DCC0BB3417C493ED009FF1FD /* SSViewController.h */,
				DCC0BB3517C493ED009FF1FD /* SSViewController.m */,
				DC0C758517C8907000BD9C58 /* SSRootViewController.h */,
				DC0C758617C8907000BD9C58 /* SSRootViewController.m */,
				DC70E57617C49B49004633F2 /* SSTopViewController.h */,
				DC70E57717C49B49004633F2 /* SSTopViewController.m */,
				DCB5A5F817C4F2970089809C /* SSSearchViewController.h */,
				DCB5A5F917C4F2970089809C /* SSSearchViewController.m */,
				DCB5A5FB17C4F2C50089809C /* SSUserViewController.h */,
				DCB5A5FC17C4F2C50089809C /* SSUserViewController.m */,
				DC081B5317C666F700A893C2 /* SSSlideShowPageViewController.h */,
				DC081B5417C666F800A893C2 /* SSSlideShowPageViewController.m */,
				DC2BCF5D17C5DBFE00181774 /* SSSlideShowViewController.h */,
				DC2BCF5E17C5DBFE00181774 /* SSSlideShowViewController.m */,
				DC11050817C7036E00833997 /* SSSettingsViewController.h */,
				DC11050917C7036E00833997 /* SSSettingsViewController.m */,
				43B4726217CF3AB500CAD335 /* SSDescriptionViewController.h */,
				43B4726317CF3AB500CAD335 /* SSDescriptionViewController.m */,
			);
			name = Controller;
			sourceTree = "<group>";
		};
		DCC0BB1117C493ED009FF1FD /* View */ = {
			isa = PBXGroup;
			children = (
				DCC0BB3117C493ED009FF1FD /* SSView.h */,
				DCC0BB3217C493ED009FF1FD /* SSView.m */,
				DC70E57917C49BCD004633F2 /* SSTopView.h */,
				DC70E57A17C49BCD004633F2 /* SSTopView.m */,
				DCB5A60117C4F7920089809C /* SSSearchView.h */,
				DCB5A60217C4F7920089809C /* SSSearchView.m */,
				DCB5A60417C4F7A20089809C /* SSUserView.h */,
				DCB5A60517C4F7A20089809C /* SSUserView.m */,
				DC2BCF5A17C5AECA00181774 /* SSSlideCell.h */,
				DC2BCF5B17C5AECA00181774 /* SSSlideCell.m */,
				DC38D0CA17C8ADD10013CAD6 /* SSSlideShowControlView.h */,
				DC38D0CB17C8ADD10013CAD6 /* SSSlideShowControlView.m */,
				DC2BCF6017C5DC1C00181774 /* SSSlideShowView.h */,
				DC2BCF6117C5DC1C00181774 /* SSSlideShowView.m */,
				435C124617C731FD001FAA8E /* SSSlideListView.h */,
				435C124717C731FE001FAA8E /* SSSlideListView.m */,
				DCD3009F17C708F600908CC9 /* SSSettingsView.h */,
				DCD300A017C708F600908CC9 /* SSSettingsView.m */,
				DC0388D617CDB9D9002100CD /* SSTextFieldView.h */,
				DC0388D717CDB9D9002100CD /* SSTextFieldView.m */,
				DC86F8D517CCF92D0029844C /* SSTagsListView.h */,
				DC86F8D617CCF92D0029844C /* SSTagsListView.m */,
				DC86F8D817CCF93E0029844C /* SSTagView.h */,
				DC86F8D917CCF93E0029844C /* SSTagView.m */,
				DC86F8DB17CD189D0029844C /* SSAddTagView.h */,
				DC86F8DC17CD189D0029844C /* SSAddTagView.m */,
				435977E017CDEACD00117E2E /* SSSlideShowInfoView.h */,
				435977E117CDEACD00117E2E /* SSSlideShowInfoView.m */,
				DC9F48F617DF720300B0EC15 /* SSSearchOptionView.h */,
				DC9F48F717DF720400B0EC15 /* SSSearchOptionView.m */,
			);
			name = View;
			sourceTree = "<group>";
		};
		DCC0BB1417C493ED009FF1FD /* Model */ = {
			isa = PBXGroup;
			children = (
				DC05A02317C73541000EE26F /* SSAppData.h */,
				DC05A02417C73541000EE26F /* SSAppData.m */,
				DC05A02617C73581000EE26F /* SSUser.h */,
				DC05A02717C73581000EE26F /* SSUser.m */,
				DCDDF64617C59CFD0095A299 /* SSSlideshow.h */,
				DCDDF64717C59CFD0095A299 /* SSSlideshow.m */,
			);
			name = Model;
			sourceTree = "<group>";
		};
		DCC0BB1717C493ED009FF1FD /* Resources */ = {
			isa = PBXGroup;
			children = (
				43357C7E17CC6088007CD24D /* Fonts */,
				DCC0BB1817C493ED009FF1FD /* Images */,
				DCC0BB2417C493ED009FF1FD /* Plists */,
				DCC0BB2717C493ED009FF1FD /* Sounds */,
				DCC0BB2A17C493ED009FF1FD /* Xibs */,
			);
			name = Resources;
			sourceTree = "<group>";
		};
		DCC0BB1817C493ED009FF1FD /* Images */ = {
			isa = PBXGroup;
			children = (
				43B4725F17CF374C00CAD335 /* description_popup */,
				435977D917CD9A8D00117E2E /* search_screen */,
				43357C6E17CC3627007CD24D /* slide_cell */,
				43357C7317CC3627007CD24D /* top_screen */,
				DC56EECF17CB1DB5005866B2 /* slideshow_screen */,
				DC1104E717C6FF0B00833997 /* user_screen */,
				DCC0BB1917C493ED009FF1FD /* Background */,
			);
			name = Images;
			sourceTree = "<group>";
		};
		DCC0BB1917C493ED009FF1FD /* Background */ = {
			isa = PBXGroup;
			children = (
				91F22B6917CE57B800226368 /* Default-Landscape~ipad.png */,
				91F22B6517CE576200226368 /* Default-Portrait~ipad.png */,
				43357C7C17CC3EEB007CD24D /* bgip5.png */,
				43357C7A17CC388D007CD24D /* bg@2x.png */,
				43357C6A17CC3610007CD24D /* bg.png */,
				43357C6B17CC3610007CD24D /* bgipad.png */,
				DCC0BB1A17C493ED009FF1FD /* Icon.png */,
				DCC0BB1C17C493ED009FF1FD /* Icon@2x.png */,
				DCC0BB1E17C493ED009FF1FD /* Default.png */,
				DCC0BB2017C493ED009FF1FD /* Default@2x.png */,
				DCC0BB2217C493ED009FF1FD /* Default-568h@2x.png */,
			);
			name = Background;
			sourceTree = "<group>";
		};
		DCC0BB2417C493ED009FF1FD /* Plists */ = {
			isa = PBXGroup;
			children = (
				DCC0BB2F17C493ED009FF1FD /* DB5.plist */,
			);
			name = Plists;
			sourceTree = "<group>";
		};
		DCC0BB2717C493ED009FF1FD /* Sounds */ = {
			isa = PBXGroup;
			children = (
				DCC0BB2817C493ED009FF1FD /* .gitignore */,
			);
			name = Sounds;
			sourceTree = "<group>";
		};
		DCC0BB2A17C493ED009FF1FD /* Xibs */ = {
			isa = PBXGroup;
			children = (
				DCC0BB2B17C493ED009FF1FD /* .gitignore */,
			);
			name = Xibs;
			sourceTree = "<group>";
		};
		DCC0BB3717C493ED009FF1FD /* Utilities */ = {
			isa = PBXGroup;
			children = (
				DC3A4A6217CC38CE00133DDF /* MNPageViewController.h */,
				DC3A4A6317CC38CE00133DDF /* MNPageViewController.m */,
				DC3A4A6417CC38CE00133DDF /* MNQueuingScrollView.h */,
				DC3A4A6517CC38CE00133DDF /* MNQueuingScrollView.m */,
				DC01E00417C9CC440096254A /* FayeClient.h */,
				DC01E00517C9CC440096254A /* FayeClient.m */,
				DC01E00617C9CC440096254A /* FayeMessage.h */,
				DC01E00717C9CC440096254A /* FayeMessage.m */,
				DC01E00817C9CC440096254A /* NSObject+PropertySupport.h */,
				DC01E00917C9CC440096254A /* NSObject+PropertySupport.m */,
				DC01E00A17C9CC440096254A /* NSObject+Serialize.h */,
				DC01E00B17C9CC440096254A /* NSObject+Serialize.m */,
				DC01E00C17C9CC440096254A /* NSString+InflectionSupport.h */,
				DC01E00D17C9CC440096254A /* NSString+InflectionSupport.m */,
			);
			name = Utilities;
			sourceTree = "<group>";
		};
		DCC0BB4717C493EE009FF1FD /* SSlideTests */ = {
			isa = PBXGroup;
			children = (
				DCC0BB4D17C493EE009FF1FD /* SSlideTests.h */,
				DCC0BB4E17C493EE009FF1FD /* SSlideTests.m */,
				DCC0BB4817C493EE009FF1FD /* Supporting Files */,
			);
			path = SSlideTests;
			sourceTree = "<group>";
		};
		DCC0BB4817C493EE009FF1FD /* Supporting Files */ = {
			isa = PBXGroup;
			children = (
				DCC0BB4917C493EE009FF1FD /* SSlideTests-Info.plist */,
				DCC0BB4A17C493EE009FF1FD /* InfoPlist.strings */,
			);
			name = "Supporting Files";
			sourceTree = "<group>";
		};
/* End PBXGroup section */

/* Begin PBXNativeTarget section */
		DCC0BAF417C493ED009FF1FD /* SSlide */ = {
			isa = PBXNativeTarget;
			buildConfigurationList = DCC0BB5217C493EE009FF1FD /* Build configuration list for PBXNativeTarget "SSlide" */;
			buildPhases = (
				8E04DD7802F84BDF8D4A0F19 /* Check Pods Manifest.lock */,
				DCC0BAF117C493ED009FF1FD /* Sources */,
				DCC0BAF217C493ED009FF1FD /* Frameworks */,
				DCC0BAF317C493ED009FF1FD /* Resources */,
				BDB177034E1A4154A082DBF8 /* Copy Pods Resources */,
			);
			buildRules = (
			);
			dependencies = (
			);
			name = SSlide;
			productName = SSlide;
			productReference = DCC0BAF517C493ED009FF1FD /* SSlide.app */;
			productType = "com.apple.product-type.application";
		};
		DCC0BB3F17C493EE009FF1FD /* SSlideTests */ = {
			isa = PBXNativeTarget;
			buildConfigurationList = DCC0BB5517C493EE009FF1FD /* Build configuration list for PBXNativeTarget "SSlideTests" */;
			buildPhases = (
				DCC0BB3B17C493EE009FF1FD /* Sources */,
				DCC0BB3C17C493EE009FF1FD /* Frameworks */,
				DCC0BB3D17C493EE009FF1FD /* Resources */,
				DCC0BB3E17C493EE009FF1FD /* ShellScript */,
			);
			buildRules = (
			);
			dependencies = (
				DCC0BB4617C493EE009FF1FD /* PBXTargetDependency */,
			);
			name = SSlideTests;
			productName = SSlideTests;
			productReference = DCC0BB4017C493EE009FF1FD /* SSlideTests.octest */;
			productType = "com.apple.product-type.bundle";
		};
/* End PBXNativeTarget section */

/* Begin PBXProject section */
		DCC0BAED17C493ED009FF1FD /* Project object */ = {
			isa = PBXProject;
			attributes = {
				CLASSPREFIX = SS;
				LastUpgradeCheck = 0460;
				ORGANIZATIONNAME = S2;
			};
			buildConfigurationList = DCC0BAF017C493ED009FF1FD /* Build configuration list for PBXProject "SSlide" */;
			compatibilityVersion = "Xcode 3.2";
			developmentRegion = English;
			hasScannedForEncodings = 0;
			knownRegions = (
				en,
			);
			mainGroup = DCC0BAEC17C493ED009FF1FD;
			productRefGroup = DCC0BAF617C493ED009FF1FD /* Products */;
			projectDirPath = "";
			projectRoot = "";
			targets = (
				DCC0BAF417C493ED009FF1FD /* SSlide */,
				DCC0BB3F17C493EE009FF1FD /* SSlideTests */,
			);
		};
/* End PBXProject section */

/* Begin PBXResourcesBuildPhase section */
		DCC0BAF317C493ED009FF1FD /* Resources */ = {
			isa = PBXResourcesBuildPhase;
			buildActionMask = 2147483647;
			files = (
				DCC0BB0317C493ED009FF1FD /* InfoPlist.strings in Resources */,
				DCC0BB1B17C493ED009FF1FD /* Icon.png in Resources */,
				DCC0BB1D17C493ED009FF1FD /* Icon@2x.png in Resources */,
				DCC0BB1F17C493ED009FF1FD /* Default.png in Resources */,
				DCC0BB2117C493ED009FF1FD /* Default@2x.png in Resources */,
				DCC0BB2317C493ED009FF1FD /* Default-568h@2x.png in Resources */,
				DCC0BB2917C493ED009FF1FD /* .gitignore in Resources */,
				DCC0BB2C17C493ED009FF1FD /* .gitignore in Resources */,
				DCC0BB2E17C493ED009FF1FD /* Podfile in Resources */,
				DCC0BB3017C493ED009FF1FD /* DB5.plist in Resources */,
				DC1104F817C6FF0B00833997 /* download-icon.png in Resources */,
				DC1104F917C6FF0B00833997 /* download-icon@2x.png in Resources */,
				DC1104FA17C6FF0B00833997 /* my-slides-icon.png in Resources */,
				DC1104FB17C6FF0B00833997 /* my-slides-icon@2x.png in Resources */,
				DC11050417C6FF0B00833997 /* segmented-separator.png in Resources */,
				DC11050517C6FF0B00833997 /* segmented-separator@2x.png in Resources */,
				DC56EEDA17CB2497005866B2 /* publish_icon.png in Resources */,
				DC56EEDB17CB2497005866B2 /* publish_icon@2x.png in Resources */,
				43357C6C17CC3610007CD24D /* bg.png in Resources */,
				43357C6D17CC3610007CD24D /* bgipad.png in Resources */,
				43357C7517CC3627007CD24D /* bar.png in Resources */,
				43357C7617CC3627007CD24D /* downloadcell.png in Resources */,
				43357C7717CC3627007CD24D /* like.png in Resources */,
				43357C7817CC3627007CD24D /* view.png in Resources */,
				43357C7B17CC388D007CD24D /* bg@2x.png in Resources */,
				43357C7D17CC3EEB007CD24D /* bgip5.png in Resources */,
				43357C8217CC6088007CD24D /* CANDARA.TTF in Resources */,
				43357C8317CC6088007CD24D /* Quicksand.otf in Resources */,
				43357C8417CC6088007CD24D /* VBAMASH.TTF in Resources */,
				DC4830A717CC776B00193354 /* appname.png in Resources */,
				DC4830AC17CC807E00193354 /* login_password.png in Resources */,
				DC4830AD17CC807E00193354 /* login_password@2x.png in Resources */,
				DC4830AE17CC807E00193354 /* login_username.png in Resources */,
				DC4830AF17CC807E00193354 /* login_username@2x.png in Resources */,
				435977D817CD97B400117E2E /* page.png in Resources */,
				435977DC17CD9A8D00117E2E /* delete_search.png in Resources */,
				435977DD17CD9A8D00117E2E /* search.png in Resources */,
				435977DF17CDCB3B00117E2E /* downloaded.png in Resources */,
				91F22B6617CE576200226368 /* Default-Portrait~ipad.png in Resources */,
				91F22B6A17CE57B800226368 /* Default-Landscape~ipad.png in Resources */,
				43B4724B17CEE7A500CAD335 /* download_slide_pressed.png in Resources */,
				43B4724C17CEE7A500CAD335 /* download_slide.png in Resources */,
				43B4724D17CEE7A500CAD335 /* eraser_pressed.png in Resources */,
				43B4724E17CEE7A500CAD335 /* eraser.png in Resources */,
				43B4724F17CEE7A500CAD335 /* pen_pressed.png in Resources */,
				43B4725017CEE7A500CAD335 /* pen.png in Resources */,
				43B4725117CEE7A500CAD335 /* streaming_pressed.png in Resources */,
				43B4725217CEE7A500CAD335 /* streaming.png in Resources */,
				43B4725917CF200000CAD335 /* access_pressed.png in Resources */,
				43B4725A17CF200000CAD335 /* access.png in Resources */,
				43B4725D17CF21D900CAD335 /* add.png in Resources */,
				43B4725E17CF21D900CAD335 /* delete.png in Resources */,
				43B4726117CF374C00CAD335 /* description.png in Resources */,
			);
			runOnlyForDeploymentPostprocessing = 0;
		};
		DCC0BB3D17C493EE009FF1FD /* Resources */ = {
			isa = PBXResourcesBuildPhase;
			buildActionMask = 2147483647;
			files = (
				DCC0BB4C17C493EE009FF1FD /* InfoPlist.strings in Resources */,
			);
			runOnlyForDeploymentPostprocessing = 0;
		};
/* End PBXResourcesBuildPhase section */

/* Begin PBXShellScriptBuildPhase section */
		8E04DD7802F84BDF8D4A0F19 /* Check Pods Manifest.lock */ = {
			isa = PBXShellScriptBuildPhase;
			buildActionMask = 2147483647;
			files = (
			);
			inputPaths = (
			);
			name = "Check Pods Manifest.lock";
			outputPaths = (
			);
			runOnlyForDeploymentPostprocessing = 0;
			shellPath = /bin/sh;
			shellScript = "diff \"${PODS_ROOT}/../Podfile.lock\" \"${PODS_ROOT}/Manifest.lock\" > /dev/null\nif [[ $? != 0 ]] ; then\n    cat << EOM\nerror: The sandbox is not in sync with the Podfile.lock. Run 'pod install' or update your CocoaPods installation.\nEOM\n    exit 1\nfi\n";
			showEnvVarsInLog = 0;
		};
		BDB177034E1A4154A082DBF8 /* Copy Pods Resources */ = {
			isa = PBXShellScriptBuildPhase;
			buildActionMask = 2147483647;
			files = (
			);
			inputPaths = (
			);
			name = "Copy Pods Resources";
			outputPaths = (
			);
			runOnlyForDeploymentPostprocessing = 0;
			shellPath = /bin/sh;
			shellScript = "\"${SRCROOT}/Pods/Pods-resources.sh\"\n";
			showEnvVarsInLog = 0;
		};
		DCC0BB3E17C493EE009FF1FD /* ShellScript */ = {
			isa = PBXShellScriptBuildPhase;
			buildActionMask = 2147483647;
			files = (
			);
			inputPaths = (
			);
			outputPaths = (
			);
			runOnlyForDeploymentPostprocessing = 0;
			shellPath = /bin/sh;
			shellScript = "# Run the unit tests in this test bundle.\n\"${SYSTEM_DEVELOPER_DIR}/Tools/RunUnitTests\"\n";
		};
/* End PBXShellScriptBuildPhase section */

/* Begin PBXSourcesBuildPhase section */
		DCC0BAF117C493ED009FF1FD /* Sources */ = {
			isa = PBXSourcesBuildPhase;
			buildActionMask = 2147483647;
			files = (
				DCC0BB0517C493ED009FF1FD /* main.m in Sources */,
				DCC0BB0D17C493ED009FF1FD /* SSAppDelegate.m in Sources */,
				DCC0BB3317C493ED009FF1FD /* SSView.m in Sources */,
				DCC0BB3617C493ED009FF1FD /* SSViewController.m in Sources */,
				DC70E57817C49B49004633F2 /* SSTopViewController.m in Sources */,
				DC70E57B17C49BCD004633F2 /* SSTopView.m in Sources */,
				DCB5A5FA17C4F2970089809C /* SSSearchViewController.m in Sources */,
				DCB5A5FD17C4F2C50089809C /* SSUserViewController.m in Sources */,
				DCB5A60317C4F7920089809C /* SSSearchView.m in Sources */,
				DCB5A60617C4F7A20089809C /* SSUserView.m in Sources */,
				DCDDF64817C59CFD0095A299 /* SSSlideshow.m in Sources */,
				DC2BCF5C17C5AECA00181774 /* SSSlideCell.m in Sources */,
				DC2BCF5F17C5DBFE00181774 /* SSSlideShowViewController.m in Sources */,
				DC2BCF6217C5DC1D00181774 /* SSSlideShowView.m in Sources */,
				DC081B5517C666F800A893C2 /* SSSlideShowPageViewController.m in Sources */,
				435C124817C731FE001FAA8E /* SSSlideListView.m in Sources */,
				DC11050A17C7036E00833997 /* SSSettingsViewController.m in Sources */,
				DCD300A117C708F600908CC9 /* SSSettingsView.m in Sources */,
				DC05A02517C73541000EE26F /* SSAppData.m in Sources */,
				DC05A02817C73581000EE26F /* SSUser.m in Sources */,
				DC0C758717C8907000BD9C58 /* SSRootViewController.m in Sources */,
				DC38D0CC17C8ADD10013CAD6 /* SSSlideShowControlView.m in Sources */,
				DC01E00E17C9CC440096254A /* FayeClient.m in Sources */,
				DC01E00F17C9CC440096254A /* FayeMessage.m in Sources */,
				DC01E01017C9CC440096254A /* NSObject+PropertySupport.m in Sources */,
				DC01E01117C9CC440096254A /* NSObject+Serialize.m in Sources */,
				DC01E01217C9CC440096254A /* NSString+InflectionSupport.m in Sources */,
				DC3A4A6617CC38CE00133DDF /* MNPageViewController.m in Sources */,
				DC3A4A6717CC38CE00133DDF /* MNQueuingScrollView.m in Sources */,
				DC86F8D717CCF92D0029844C /* SSTagsListView.m in Sources */,
				DC86F8DA17CCF93F0029844C /* SSTagView.m in Sources */,
				DC86F8DD17CD189E0029844C /* SSAddTagView.m in Sources */,
				DC0388D817CDB9DA002100CD /* SSTextFieldView.m in Sources */,
				435977E217CDEACE00117E2E /* SSSlideShowInfoView.m in Sources */,
				43B4726417CF3AB500CAD335 /* SSDescriptionViewController.m in Sources */,
				DC9F48E717DF405A00B0EC15 /* SSDB5.m in Sources */,
				DC9F48EA17DF49C200B0EC15 /* SSApi.m in Sources */,
				DC9F48ED17DF4A1700B0EC15 /* SSSlideDataSource.m in Sources */,
				DC9F48F517DF67D600B0EC15 /* SSAdManager.m in Sources */,
				DC9F48F817DF720500B0EC15 /* SSSearchOptionView.m in Sources */,
				DC9F48FB17DF73D100B0EC15 /* SSImageHelper.m in Sources */,
			);
			runOnlyForDeploymentPostprocessing = 0;
		};
		DCC0BB3B17C493EE009FF1FD /* Sources */ = {
			isa = PBXSourcesBuildPhase;
			buildActionMask = 2147483647;
			files = (
				DCC0BB4F17C493EE009FF1FD /* SSlideTests.m in Sources */,
			);
			runOnlyForDeploymentPostprocessing = 0;
		};
/* End PBXSourcesBuildPhase section */

/* Begin PBXTargetDependency section */
		DCC0BB4617C493EE009FF1FD /* PBXTargetDependency */ = {
			isa = PBXTargetDependency;
			target = DCC0BAF417C493ED009FF1FD /* SSlide */;
			targetProxy = DCC0BB4517C493EE009FF1FD /* PBXContainerItemProxy */;
		};
/* End PBXTargetDependency section */

/* Begin PBXVariantGroup section */
		DCC0BB0117C493ED009FF1FD /* InfoPlist.strings */ = {
			isa = PBXVariantGroup;
			children = (
				DCC0BB0217C493ED009FF1FD /* en */,
			);
			name = InfoPlist.strings;
			sourceTree = "<group>";
		};
		DCC0BB4A17C493EE009FF1FD /* InfoPlist.strings */ = {
			isa = PBXVariantGroup;
			children = (
				DCC0BB4B17C493EE009FF1FD /* en */,
			);
			name = InfoPlist.strings;
			sourceTree = "<group>";
		};
/* End PBXVariantGroup section */

/* Begin XCBuildConfiguration section */
		DCC0BB5017C493EE009FF1FD /* Debug */ = {
			isa = XCBuildConfiguration;
			buildSettings = {
				ALWAYS_SEARCH_USER_PATHS = NO;
				CLANG_CXX_LANGUAGE_STANDARD = "gnu++0x";
				CLANG_CXX_LIBRARY = "libc++";
				CLANG_ENABLE_OBJC_ARC = YES;
				CLANG_WARN_CONSTANT_CONVERSION = YES;
				CLANG_WARN_EMPTY_BODY = YES;
				CLANG_WARN_ENUM_CONVERSION = YES;
				CLANG_WARN_INT_CONVERSION = YES;
				CLANG_WARN__DUPLICATE_METHOD_MATCH = YES;
				COPY_PHASE_STRIP = NO;
				GCC_C_LANGUAGE_STANDARD = gnu99;
				GCC_DYNAMIC_NO_PIC = NO;
				GCC_OPTIMIZATION_LEVEL = 0;
				GCC_PREPROCESSOR_DEFINITIONS = (
					"DEBUG=1",
					"$(inherited)",
				);
				GCC_SYMBOLS_PRIVATE_EXTERN = NO;
				GCC_WARN_ABOUT_RETURN_TYPE = YES;
				GCC_WARN_UNINITIALIZED_AUTOS = YES;
				GCC_WARN_UNUSED_VARIABLE = YES;
				IPHONEOS_DEPLOYMENT_TARGET = 6.0;
				ONLY_ACTIVE_ARCH = YES;
				SDKROOT = iphoneos;
			};
			name = Debug;
		};
		DCC0BB5117C493EE009FF1FD /* Release */ = {
			isa = XCBuildConfiguration;
			buildSettings = {
				ALWAYS_SEARCH_USER_PATHS = NO;
				CLANG_CXX_LANGUAGE_STANDARD = "gnu++0x";
				CLANG_CXX_LIBRARY = "libc++";
				CLANG_ENABLE_OBJC_ARC = YES;
				CLANG_WARN_CONSTANT_CONVERSION = YES;
				CLANG_WARN_EMPTY_BODY = YES;
				CLANG_WARN_ENUM_CONVERSION = YES;
				CLANG_WARN_INT_CONVERSION = YES;
				CLANG_WARN__DUPLICATE_METHOD_MATCH = YES;
				COPY_PHASE_STRIP = YES;
				GCC_C_LANGUAGE_STANDARD = gnu99;
				GCC_WARN_ABOUT_RETURN_TYPE = YES;
				GCC_WARN_UNINITIALIZED_AUTOS = YES;
				GCC_WARN_UNUSED_VARIABLE = YES;
				IPHONEOS_DEPLOYMENT_TARGET = 6.0;
				SDKROOT = iphoneos;
				VALIDATE_PRODUCT = YES;
			};
			name = Release;
		};
		DCC0BB5317C493EE009FF1FD /* Debug */ = {
			isa = XCBuildConfiguration;
			baseConfigurationReference = EFFA65580FCF476BA4AB7419 /* Pods.xcconfig */;
			buildSettings = {
				GCC_PRECOMPILE_PREFIX_HEADER = YES;
				GCC_PREFIX_HEADER = "SSlide/SSlide-Prefix.pch";
				INFOPLIST_FILE = "SSlide/SSlide-Info.plist";
				IPHONEOS_DEPLOYMENT_TARGET = 6.0;
				PRODUCT_NAME = "$(TARGET_NAME)";
				TARGETED_DEVICE_FAMILY = "1,2";
				WRAPPER_EXTENSION = app;
			};
			name = Debug;
		};
		DCC0BB5417C493EE009FF1FD /* Release */ = {
			isa = XCBuildConfiguration;
			baseConfigurationReference = EFFA65580FCF476BA4AB7419 /* Pods.xcconfig */;
			buildSettings = {
				GCC_PRECOMPILE_PREFIX_HEADER = YES;
				GCC_PREFIX_HEADER = "SSlide/SSlide-Prefix.pch";
				INFOPLIST_FILE = "SSlide/SSlide-Info.plist";
				IPHONEOS_DEPLOYMENT_TARGET = 6.0;
				PRODUCT_NAME = "$(TARGET_NAME)";
				TARGETED_DEVICE_FAMILY = "1,2";
				WRAPPER_EXTENSION = app;
			};
			name = Release;
		};
		DCC0BB5617C493EE009FF1FD /* Debug */ = {
			isa = XCBuildConfiguration;
			buildSettings = {
				BUNDLE_LOADER = "$(BUILT_PRODUCTS_DIR)/SSlide.app/SSlide";
				FRAMEWORK_SEARCH_PATHS = (
					"\"$(SDKROOT)/Developer/Library/Frameworks\"",
					"\"$(DEVELOPER_LIBRARY_DIR)/Frameworks\"",
				);
				GCC_PRECOMPILE_PREFIX_HEADER = YES;
				GCC_PREFIX_HEADER = "SSlide/SSlide-Prefix.pch";
				INFOPLIST_FILE = "SSlideTests/SSlideTests-Info.plist";
				PRODUCT_NAME = "$(TARGET_NAME)";
				TEST_HOST = "$(BUNDLE_LOADER)";
				WRAPPER_EXTENSION = octest;
			};
			name = Debug;
		};
		DCC0BB5717C493EE009FF1FD /* Release */ = {
			isa = XCBuildConfiguration;
			buildSettings = {
				BUNDLE_LOADER = "$(BUILT_PRODUCTS_DIR)/SSlide.app/SSlide";
				FRAMEWORK_SEARCH_PATHS = (
					"\"$(SDKROOT)/Developer/Library/Frameworks\"",
					"\"$(DEVELOPER_LIBRARY_DIR)/Frameworks\"",
				);
				GCC_PRECOMPILE_PREFIX_HEADER = YES;
				GCC_PREFIX_HEADER = "SSlide/SSlide-Prefix.pch";
				INFOPLIST_FILE = "SSlideTests/SSlideTests-Info.plist";
				PRODUCT_NAME = "$(TARGET_NAME)";
				TEST_HOST = "$(BUNDLE_LOADER)";
				WRAPPER_EXTENSION = octest;
			};
			name = Release;
		};
/* End XCBuildConfiguration section */

/* Begin XCConfigurationList section */
		DCC0BAF017C493ED009FF1FD /* Build configuration list for PBXProject "SSlide" */ = {
			isa = XCConfigurationList;
			buildConfigurations = (
				DCC0BB5017C493EE009FF1FD /* Debug */,
				DCC0BB5117C493EE009FF1FD /* Release */,
			);
			defaultConfigurationIsVisible = 0;
			defaultConfigurationName = Release;
		};
		DCC0BB5217C493EE009FF1FD /* Build configuration list for PBXNativeTarget "SSlide" */ = {
			isa = XCConfigurationList;
			buildConfigurations = (
				DCC0BB5317C493EE009FF1FD /* Debug */,
				DCC0BB5417C493EE009FF1FD /* Release */,
			);
			defaultConfigurationIsVisible = 0;
			defaultConfigurationName = Release;
		};
		DCC0BB5517C493EE009FF1FD /* Build configuration list for PBXNativeTarget "SSlideTests" */ = {
			isa = XCConfigurationList;
			buildConfigurations = (
				DCC0BB5617C493EE009FF1FD /* Debug */,
				DCC0BB5717C493EE009FF1FD /* Release */,
			);
			defaultConfigurationIsVisible = 0;
			defaultConfigurationName = Release;
		};
/* End XCConfigurationList section */
	};
	rootObject = DCC0BAED17C493ED009FF1FD /* Project object */;
}
